
Microsoft Visual Studio Solution File, Format Version 12.00
# Visual Studio 2013
VisualStudioVersion = 12.0.31101.0
MinimumVisualStudioVersion = 10.0.40219.1
Project("{FAE04EC0-301F-11D3-BF4B-00C04F79EFBC}") = "LSATextSummarizationAccord", "LSATextSummarizationAccord\LSATextSummarizationAccord.csproj", "{E3176129-BE7B-4AE4-A7A4-75B98B9AE8A4}"
EndProject
Global
	GlobalSection(SolutionConfigurationPlatforms) = preSolution
		Debug|Any CPU = Debug|Any CPU
		Release|Any CPU = Release|Any CPU
	EndGlobalSection
	GlobalSection(ProjectConfigurationPlatforms) = postSolution
		{E3176129-BE7B-4AE4-A7A4-75B98B9AE8A4}.Debug|Any CPU.ActiveCfg = Debug|Any CPU
		{E3176129-BE7B-4AE4-A7A4-75B98B9AE8A4}.Debug|Any CPU.Build.0 = Debug|Any CPU
		{E3176129-BE7B-4AE4-A7A4-75B98B9AE8A4}.Release|Any CPU.ActiveCfg = Release|Any CPU
		{E3176129-BE7B-4AE4-A7A4-75B98B9AE8A4}.Release|Any CPU.Build.0 = Release|Any CPU
	EndGlobalSection
	GlobalSection(SolutionProperties) = preSolution
		HideSolutionNode = FALSE
	EndGlobalSection
EndGlobal
